SITE
  remote: http://community.opscode.com/api/v1
  specs:
    apt (2.6.0)
    capistrano (0.7.0)

GIT
  remote: git@github.com:articlemetrics/almability-cookbook.git
  ref: master
  sha: d0a6df3c59b907c22fc94403dd3fc6c9a97d8f7d
  specs:
    almability (0.1.7)
      apt (>= 0.0.0)
      capistrano (~> 0.7.0)
      dotenv (~> 0.1.0)
      passenger_nginx (~> 0.4.0)
      ruby (~> 0.6.0)

GIT
  remote: git@github.com:articlemetrics/capistrano-cookbook.git
  ref: master
  sha: 62ddb7b644f54614d3e52dd06a834e59df0b8903
  specs:
    capistrano (0.7.5)
      ruby (~> 0.6.0)

GIT
  remote: git@github.com:articlemetrics/dotenv-cookbook.git
  ref: master
  sha: 069ee5080bebea6c5049462d832503a14a340570
  specs:
    dotenv (0.1.7)

GIT
  remote: git@github.com:articlemetrics/passenger_nginx-cookbook.git
  ref: master
  sha: 2354c9e62c5c1ae49c311b4e28581a5edb2fc682
  specs:
    passenger_nginx (0.4.0)
      apt (>= 0.0.0)
      ruby (~> 0.6.0)

GIT
  remote: git@github.com:articlemetrics/ruby-cookbook.git
  ref: master
  sha: 323293afd36ede76c8906a1b432d528b77c6df63
  specs:
    ruby (0.6.3)
      apt (>= 0.0.0)

DEPENDENCIES
  almability (>= 0)
  capistrano (>= 0)
  dotenv (>= 0)
  passenger_nginx (>= 0)
  ruby (>= 0)

